// !$*UTF8*$!
{
	archiveVersion = 1;
	classes = {
	};
	objectVersion = 50;
	objects = {

/* Begin PBXBuildFile section */
		2D6F4A1023FA4270006B125A /* AppDelegate.swift in Sources */ = {isa = PBXBuildFile; fileRef = 2D6F4A0F23FA4270006B125A /* AppDelegate.swift */; };
		2D6F4A1223FA4270006B125A /* SceneDelegate.swift in Sources */ = {isa = PBXBuildFile; fileRef = 2D6F4A1123FA4270006B125A /* SceneDelegate.swift */; };
		2D6F4A1423FA4270006B125A /* ViewController.swift in Sources */ = {isa = PBXBuildFile; fileRef = 2D6F4A1323FA4270006B125A /* ViewController.swift */; };
		2D6F4A1723FA4270006B125A /* Main.storyboard in Resources */ = {isa = PBXBuildFile; fileRef = 2D6F4A1523FA4270006B125A /* Main.storyboard */; };
		2D6F4A1923FA4272006B125A /* Assets.xcassets in Resources */ = {isa = PBXBuildFile; fileRef = 2D6F4A1823FA4272006B125A /* Assets.xcassets */; };
		2D6F4A1C23FA4272006B125A /* LaunchScreen.storyboard in Resources */ = {isa = PBXBuildFile; fileRef = 2D6F4A1A23FA4272006B125A /* LaunchScreen.storyboard */; };
		2D6F4A2723FA4272006B125A /* kadaiProductTests.swift in Sources */ = {isa = PBXBuildFile; fileRef = 2D6F4A2623FA4272006B125A /* kadaiProductTests.swift */; };
		2D6F4A3223FA4272006B125A /* kadaiProductUITests.swift in Sources */ = {isa = PBXBuildFile; fileRef = 2D6F4A3123FA4272006B125A /* kadaiProductUITests.swift */; };
		2D6F4A4023FA4332006B125A /* inputViewController.swift in Sources */ = {isa = PBXBuildFile; fileRef = 2D6F4A3F23FA4332006B125A /* inputViewController.swift */; };
/* End PBXBuildFile section */

/* Begin PBXContainerItemProxy section */
		2D6F4A2323FA4272006B125A /* PBXContainerItemProxy */ = {
			isa = PBXContainerItemProxy;
			containerPortal = 2D6F4A0423FA4270006B125A /* Project object */;
			proxyType = 1;
			remoteGlobalIDString = 2D6F4A0B23FA4270006B125A;
			remoteInfo = kadaiProduct;
		};
		2D6F4A2E23FA4272006B125A /* PBXContainerItemProxy */ = {
			isa = PBXContainerItemProxy;
			containerPortal = 2D6F4A0423FA4270006B125A /* Project object */;
			proxyType = 1;
			remoteGlobalIDString = 2D6F4A0B23FA4270006B125A;
			remoteInfo = kadaiProduct;
		};
/* End PBXContainerItemProxy section */

/* Begin PBXFileReference section */
		2D6F4A0C23FA4270006B125A /* kadaiProduct.app */ = {isa = PBXFileReference; explicitFileType = wrapper.application; includeInIndex = 0; path = kadaiProduct.app; sourceTree = BUILT_PRODUCTS_DIR; };
		2D6F4A0F23FA4270006B125A /* AppDelegate.swift */ = {isa = PBXFileReference; lastKnownFileType = sourcecode.swift; path = AppDelegate.swift; sourceTree = "<group>"; };
		2D6F4A1123FA4270006B125A /* SceneDelegate.swift */ = {isa = PBXFileReference; lastKnownFileType = sourcecode.swift; path = SceneDelegate.swift; sourceTree = "<group>"; };
		2D6F4A1323FA4270006B125A /* ViewController.swift */ = {isa = PBXFileReference; lastKnownFileType = sourcecode.swift; path = ViewController.swift; sourceTree = "<group>"; };
		2D6F4A1623FA4270006B125A /* Base */ = {isa = PBXFileReference; lastKnownFileType = file.storyboard; name = Base; path = Base.lproj/Main.storyboard; sourceTree = "<group>"; };
		2D6F4A1823FA4272006B125A /* Assets.xcassets */ = {isa = PBXFileReference; lastKnownFileType = folder.assetcatalog; path = Assets.xcassets; sourceTree = "<group>"; };
		2D6F4A1B23FA4272006B125A /* Base */ = {isa = PBXFileReference; lastKnownFileType = file.storyboard; name = Base; path = Base.lproj/LaunchScreen.storyboard; sourceTree = "<group>"; };
		2D6F4A1D23FA4272006B125A /* Info.plist */ = {isa = PBXFileReference; lastKnownFileType = text.plist.xml; path = Info.plist; sourceTree = "<group>"; };
		2D6F4A2223FA4272006B125A /* kadaiProductTests.xctest */ = {isa = PBXFileReference; explicitFileType = wrapper.cfbundle; includeInIndex = 0; path = kadaiProductTests.xctest; sourceTree = BUILT_PRODUCTS_DIR; };
		2D6F4A2623FA4272006B125A /* kadaiProductTests.swift */ = {isa = PBXFileReference; lastKnownFileType = sourcecode.swift; path = kadaiProductTests.swift; sourceTree = "<group>"; };
		2D6F4A2823FA4272006B125A /* Info.plist */ = {isa = PBXFileReference; lastKnownFileType = text.plist.xml; path = Info.plist; sourceTree = "<group>"; };
		2D6F4A2D23FA4272006B125A /* kadaiProductUITests.xctest */ = {isa = PBXFileReference; explicitFileType = wrapper.cfbundle; includeInIndex = 0; path = kadaiProductUITests.xctest; sourceTree = BUILT_PRODUCTS_DIR; };
		2D6F4A3123FA4272006B125A /* kadaiProductUITests.swift */ = {isa = PBXFileReference; lastKnownFileType = sourcecode.swift; path = kadaiProductUITests.swift; sourceTree = "<group>"; };
		2D6F4A3323FA4272006B125A /* Info.plist */ = {isa = PBXFileReference; lastKnownFileType = text.plist.xml; path = Info.plist; sourceTree = "<group>"; };
		2D6F4A3F23FA4332006B125A /* inputViewController.swift */ = {isa = PBXFileReference; lastKnownFileType = sourcecode.swift; path = inputViewController.swift; sourceTree = "<group>"; };
/* End PBXFileReference section */

/* Begin PBXFrameworksBuildPhase section */
		2D6F4A0923FA4270006B125A /* Frameworks */ = {
			isa = PBXFrameworksBuildPhase;
			buildActionMask = 2147483647;
			files = (
			);
			runOnlyForDeploymentPostprocessing = 0;
		};
		2D6F4A1F23FA4272006B125A /* Frameworks */ = {
			isa = PBXFrameworksBuildPhase;
			buildActionMask = 2147483647;
			files = (
			);
			runOnlyForDeploymentPostprocessing = 0;
		};
		2D6F4A2A23FA4272006B125A /* Frameworks */ = {
			isa = PBXFrameworksBuildPhase;
			buildActionMask = 2147483647;
			files = (
			);
			runOnlyForDeploymentPostprocessing = 0;
		};
/* End PBXFrameworksBuildPhase section */

/* Begin PBXGroup section */
		2D6F4A0323FA4270006B125A = {
			isa = PBXGroup;
			children = (
				2D6F4A0E23FA4270006B125A /* kadaiProduct */,
				2D6F4A2523FA4272006B125A /* kadaiProductTests */,
				2D6F4A3023FA4272006B125A /* kadaiProductUITests */,
				2D6F4A0D23FA4270006B125A /* Products */,
			);
			sourceTree = "<group>";
		};
		2D6F4A0D23FA4270006B125A /* Products */ = {
			isa = PBXGroup;
			children = (
				2D6F4A0C23FA4270006B125A /* kadaiProduct.app */,
				2D6F4A2223FA4272006B125A /* kadaiProductTests.xctest */,
				2D6F4A2D23FA4272006B125A /* kadaiProductUITests.xctest */,
			);
			name = Products;
			sourceTree = "<group>";
		};
		2D6F4A0E23FA4270006B125A /* kadaiProduct */ = {
			isa = PBXGroup;
			children = (
				2D6F4A0F23FA4270006B125A /* AppDelegate.swift */,
				2D6F4A1123FA4270006B125A /* SceneDelegate.swift */,
				2D6F4A1323FA4270006B125A /* ViewController.swift */,
				2D6F4A1523FA4270006B125A /* Main.storyboard */,
				2D6F4A1823FA4272006B125A /* Assets.xcassets */,
				2D6F4A1A23FA4272006B125A /* LaunchScreen.storyboard */,
				2D6F4A1D23FA4272006B125A /* Info.plist */,
				2D6F4A3F23FA4332006B125A /* inputViewController.swift */,
			);
			path = kadaiProduct;
			sourceTree = "<group>";
		};
		2D6F4A2523FA4272006B125A /* kadaiProductTests */ = {
			isa = PBXGroup;
			children = (
				2D6F4A2623FA4272006B125A /* kadaiProductTests.swift */,
				2D6F4A2823FA4272006B125A /* Info.plist */,
			);
			path = kadaiProductTests;
			sourceTree = "<group>";
		};
		2D6F4A3023FA4272006B125A /* kadaiProductUITests */ = {
			isa = PBXGroup;
			children = (
				2D6F4A3123FA4272006B125A /* kadaiProductUITests.swift */,
				2D6F4A3323FA4272006B125A /* Info.plist */,
			);
			path = kadaiProductUITests;
			sourceTree = "<group>";
		};
/* End PBXGroup section */

/* Begin PBXNativeTarget section */
		2D6F4A0B23FA4270006B125A /* kadaiProduct */ = {
			isa = PBXNativeTarget;
			buildConfigurationList = 2D6F4A3623FA4272006B125A /* Build configuration list for PBXNativeTarget "kadaiProduct" */;
			buildPhases = (
				2D6F4A0823FA4270006B125A /* Sources */,
				2D6F4A0923FA4270006B125A /* Frameworks */,
				2D6F4A0A23FA4270006B125A /* Resources */,
			);
			buildRules = (
			);
			dependencies = (
			);
			name = kadaiProduct;
			productName = kadaiProduct;
			productReference = 2D6F4A0C23FA4270006B125A /* kadaiProduct.app */;
			productType = "com.apple.product-type.application";
		};
		2D6F4A2123FA4272006B125A /* kadaiProductTests */ = {
			isa = PBXNativeTarget;
			buildConfigurationList = 2D6F4A3923FA4272006B125A /* Build configuration list for PBXNativeTarget "kadaiProductTests" */;
			buildPhases = (
				2D6F4A1E23FA4272006B125A /* Sources */,
				2D6F4A1F23FA4272006B125A /* Frameworks */,
				2D6F4A2023FA4272006B125A /* Resources */,
			);
			buildRules = (
			);
			dependencies = (
				2D6F4A2423FA4272006B125A /* PBXTargetDependency */,
			);
			name = kadaiProductTests;
			productName = kadaiProductTests;
			productReference = 2D6F4A2223FA4272006B125A /* kadaiProductTests.xctest */;
			productType = "com.apple.product-type.bundle.unit-test";
		};
		2D6F4A2C23FA4272006B125A /* kadaiProductUITests */ = {
			isa = PBXNativeTarget;
			buildConfigurationList = 2D6F4A3C23FA4272006B125A /* Build configuration list for PBXNativeTarget "kadaiProductUITests" */;
			buildPhases = (
				2D6F4A2923FA4272006B125A /* Sources */,
				2D6F4A2A23FA4272006B125A /* Frameworks */,
				2D6F4A2B23FA4272006B125A /* Resources */,
			);
			buildRules = (
			);
			dependencies = (
				2D6F4A2F23FA4272006B125A /* PBXTargetDependency */,
			);
			name = kadaiProductUITests;
			productName = kadaiProductUITests;
			productReference = 2D6F4A2D23FA4272006B125A /* kadaiProductUITests.xctest */;
			productType = "com.apple.product-type.bundle.ui-testing";
		};
/* End PBXNativeTarget section */

/* Begin PBXProject section */
		2D6F4A0423FA4270006B125A /* Project object */ = {
			isa = PBXProject;
			attributes = {
				LastSwiftUpdateCheck = 1130;
				LastUpgradeCheck = 1130;
				ORGANIZATIONNAME = "あーきち";
				TargetAttributes = {
					2D6F4A0B23FA4270006B125A = {
						CreatedOnToolsVersion = 11.3.1;
					};
					2D6F4A2123FA4272006B125A = {
						CreatedOnToolsVersion = 11.3.1;
						TestTargetID = 2D6F4A0B23FA4270006B125A;
					};
					2D6F4A2C23FA4272006B125A = {
						CreatedOnToolsVersion = 11.3.1;
						TestTargetID = 2D6F4A0B23FA4270006B125A;
					};
				};
			};
			buildConfigurationList = 2D6F4A0723FA4270006B125A /* Build configuration list for PBXProject "kadaiProduct" */;
			compatibilityVersion = "Xcode 9.3";
			developmentRegion = en;
			hasScannedForEncodings = 0;
			knownRegions = (
				en,
				Base,
			);
			mainGroup = 2D6F4A0323FA4270006B125A;
			productRefGroup = 2D6F4A0D23FA4270006B125A /* Products */;
			projectDirPath = "";
			projectRoot = "";
			targets = (
				2D6F4A0B23FA4270006B125A /* kadaiProduct */,
				2D6F4A2123FA4272006B125A /* kadaiProductTests */,
				2D6F4A2C23FA4272006B125A /* kadaiProductUITests */,
			);
		};
/* End PBXProject section */

/* Begin PBXResourcesBuildPhase section */
		2D6F4A0A23FA4270006B125A /* Resources */ = {
			isa = PBXResourcesBuildPhase;
			buildActionMask = 2147483647;
			files = (
				2D6F4A1C23FA4272006B125A /* LaunchScreen.storyboard in Resources */,
				2D6F4A1923FA4272006B125A /* Assets.xcassets in Resources */,
				2D6F4A1723FA4270006B125A /* Main.storyboard in Resources */,
			);
			runOnlyForDeploymentPostprocessing = 0;
		};
		2D6F4A2023FA4272006B125A /* Resources */ = {
			isa = PBXResourcesBuildPhase;
			buildActionMask = 2147483647;
			files = (
			);
			runOnlyForDeploymentPostprocessing = 0;
		};
		2D6F4A2B23FA4272006B125A /* Resources */ = {
			isa = PBXResourcesBuildPhase;
			buildActionMask = 2147483647;
			files = (
			);
			runOnlyForDeploymentPostprocessing = 0;
		};
/* End PBXResourcesBuildPhase section */

/* Begin PBXSourcesBuildPhase section */
		2D6F4A0823FA4270006B125A /* Sources */ = {
			isa = PBXSourcesBuildPhase;
			buildActionMask = 2147483647;
			files = (
				2D6F4A1423FA4270006B125A /* ViewController.swift in Sources */,
				2D6F4A1023FA4270006B125A /* AppDelegate.swift in Sources */,
				2D6F4A1223FA4270006B125A /* SceneDelegate.swift in Sources */,
				2D6F4A4023FA4332006B125A /* inputViewController.swift in Sources */,
			);
			runOnlyForDeploymentPostprocessing = 0;
		};
		2D6F4A1E23FA4272006B125A /* Sources */ = {
			isa = PBXSourcesBuildPhase;
			buildActionMask = 2147483647;
			files = (
				2D6F4A2723FA4272006B125A /* kadaiProductTests.swift in Sources */,
			);
			runOnlyForDeploymentPostprocessing = 0;
		};
		2D6F4A2923FA4272006B125A /* Sources */ = {
			isa = PBXSourcesBuildPhase;
			buildActionMask = 2147483647;
			files = (
				2D6F4A3223FA4272006B125A /* kadaiProductUITests.swift in Sources */,
			);
			runOnlyForDeploymentPostprocessing = 0;
		};
/* End PBXSourcesBuildPhase section */

/* Begin PBXTargetDependency section */
		2D6F4A2423FA4272006B125A /* PBXTargetDependency */ = {
			isa = PBXTargetDependency;
			target = 2D6F4A0B23FA4270006B125A /* kadaiProduct */;
			targetProxy = 2D6F4A2323FA4272006B125A /* PBXContainerItemProxy */;
		};
		2D6F4A2F23FA4272006B125A /* PBXTargetDependency */ = {
			isa = PBXTargetDependency;
			target = 2D6F4A0B23FA4270006B125A /* kadaiProduct */;
			targetProxy = 2D6F4A2E23FA4272006B125A /* PBXContainerItemProxy */;
		};
/* End PBXTargetDependency section */

/* Begin PBXVariantGroup section */
		2D6F4A1523FA4270006B125A /* Main.storyboard */ = {
			isa = PBXVariantGroup;
			children = (
				2D6F4A1623FA4270006B125A /* Base */,
			);
			name = Main.storyboard;
			sourceTree = "<group>";
		};
		2D6F4A1A23FA4272006B125A /* LaunchScreen.storyboard */ = {
			isa = PBXVariantGroup;
			children = (
				2D6F4A1B23FA4272006B125A /* Base */,
			);
			name = LaunchScreen.storyboard;
			sourceTree = "<group>";
		};
/* End PBXVariantGroup section */

/* Begin XCBuildConfiguration section */
		2D6F4A3423FA4272006B125A /* Debug */ = {
			isa = XCBuildConfiguration;
			buildSettings = {
				ALWAYS_SEARCH_USER_PATHS = NO;
				CLANG_ANALYZER_NONNULL = YES;
				CLANG_ANALYZER_NUMBER_OBJECT_CONVERSION = YES_AGGRESSIVE;
				CLANG_CXX_LANGUAGE_STANDARD = "gnu++14";
				CLANG_CXX_LIBRARY = "libc++";
				CLANG_ENABLE_MODULES = YES;
				CLANG_ENABLE_OBJC_ARC = YES;
				CLANG_ENABLE_OBJC_WEAK = YES;
				CLANG_WARN_BLOCK_CAPTURE_AUTORELEASING = YES;
				CLANG_WARN_BOOL_CONVERSION = YES;
				CLANG_WARN_COMMA = YES;
				CLANG_WARN_CONSTANT_CONVERSION = YES;
				CLANG_WARN_DEPRECATED_OBJC_IMPLEMENTATIONS = YES;
				CLANG_WARN_DIRECT_OBJC_ISA_USAGE = YES_ERROR;
				CLANG_WARN_DOCUMENTATION_COMMENTS = YES;
				CLANG_WARN_EMPTY_BODY = YES;
				CLANG_WARN_ENUM_CONVERSION = YES;
				CLANG_WARN_INFINITE_RECURSION = YES;
				CLANG_WARN_INT_CONVERSION = YES;
				CLANG_WARN_NON_LITERAL_NULL_CONVERSION = YES;
				CLANG_WARN_OBJC_IMPLICIT_RETAIN_SELF = YES;
				CLANG_WARN_OBJC_LITERAL_CONVERSION = YES;
				CLANG_WARN_OBJC_ROOT_CLASS = YES_ERROR;
				CLANG_WARN_RANGE_LOOP_ANALYSIS = YES;
				CLANG_WARN_STRICT_PROTOTYPES = YES;
				CLANG_WARN_SUSPICIOUS_MOVE = YES;
				CLANG_WARN_UNGUARDED_AVAILABILITY = YES_AGGRESSIVE;
				CLANG_WARN_UNREACHABLE_CODE = YES;
				CLANG_WARN__DUPLICATE_METHOD_MATCH = YES;
				COPY_PHASE_STRIP = NO;
				DEBUG_INFORMATION_FORMAT = dwarf;
				ENABLE_STRICT_OBJC_MSGSEND = YES;
				ENABLE_TESTABILITY = YES;
				GCC_C_LANGUAGE_STANDARD = gnu11;
				GCC_DYNAMIC_NO_PIC = NO;
				GCC_NO_COMMON_BLOCKS = YES;
				GCC_OPTIMIZATION_LEVEL = 0;
				GCC_PREPROCESSOR_DEFINITIONS = (
					"DEBUG=1",
					"$(inherited)",
				);
				GCC_WARN_64_TO_32_BIT_CONVERSION = YES;
				GCC_WARN_ABOUT_RETURN_TYPE = YES_ERROR;
				GCC_WARN_UNDECLARED_SELECTOR = YES;
				GCC_WARN_UNINITIALIZED_AUTOS = YES_AGGRESSIVE;
				GCC_WARN_UNUSED_FUNCTION = YES;
				GCC_WARN_UNUSED_VARIABLE = YES;
				IPHONEOS_DEPLOYMENT_TARGET = 13.2;
				MTL_ENABLE_DEBUG_INFO = INCLUDE_SOURCE;
				MTL_FAST_MATH = YES;
				ONLY_ACTIVE_ARCH = YES;
				SDKROOT = iphoneos;
				SWIFT_ACTIVE_COMPILATION_CONDITIONS = DEBUG;
				SWIFT_OPTIMIZATION_LEVEL = "-Onone";
			};
			name = Debug;
		};
		2D6F4A3523FA4272006B125A /* Release */ = {
			isa = XCBuildConfiguration;
			buildSettings = {
				ALWAYS_SEARCH_USER_PATHS = NO;
				CLANG_ANALYZER_NONNULL = YES;
				CLANG_ANALYZER_NUMBER_OBJECT_CONVERSION = YES_AGGRESSIVE;
				CLANG_CXX_LANGUAGE_STANDARD = "gnu++14";
				CLANG_CXX_LIBRARY = "libc++";
				CLANG_ENABLE_MODULES = YES;
				CLANG_ENABLE_OBJC_ARC = YES;
				CLANG_ENABLE_OBJC_WEAK = YES;
				CLANG_WARN_BLOCK_CAPTURE_AUTORELEASING = YES;
				CLANG_WARN_BOOL_CONVERSION = YES;
				CLANG_WARN_COMMA = YES;
				CLANG_WARN_CONSTANT_CONVERSION = YES;
				CLANG_WARN_DEPRECATED_OBJC_IMPLEMENTATIONS = YES;
				CLANG_WARN_DIRECT_OBJC_ISA_USAGE = YES_ERROR;
				CLANG_WARN_DOCUMENTATION_COMMENTS = YES;
				CLANG_WARN_EMPTY_BODY = YES;
				CLANG_WARN_ENUM_CONVERSION = YES;
				CLANG_WARN_INFINITE_RECURSION = YES;
				CLANG_WARN_INT_CONVERSION = YES;
				CLANG_WARN_NON_LITERAL_NULL_CONVERSION = YES;
				CLANG_WARN_OBJC_IMPLICIT_RETAIN_SELF = YES;
				CLANG_WARN_OBJC_LITERAL_CONVERSION = YES;
				CLANG_WARN_OBJC_ROOT_CLASS = YES_ERROR;
				CLANG_WARN_RANGE_LOOP_ANALYSIS = YES;
				CLANG_WARN_STRICT_PROTOTYPES = YES;
				CLANG_WARN_SUSPICIOUS_MOVE = YES;
				CLANG_WARN_UNGUARDED_AVAILABILITY = YES_AGGRESSIVE;
				CLANG_WARN_UNREACHABLE_CODE = YES;
				CLANG_WARN__DUPLICATE_METHOD_MATCH = YES;
				COPY_PHASE_STRIP = NO;
				DEBUG_INFORMATION_FORMAT = "dwarf-with-dsym";
				ENABLE_NS_ASSERTIONS = NO;
				ENABLE_STRICT_OBJC_MSGSEND = YES;
				GCC_C_LANGUAGE_STANDARD = gnu11;
				GCC_NO_COMMON_BLOCKS = YES;
				GCC_WARN_64_TO_32_BIT_CONVERSION = YES;
				GCC_WARN_ABOUT_RETURN_TYPE = YES_ERROR;
				GCC_WARN_UNDECLARED_SELECTOR = YES;
				GCC_WARN_UNINITIALIZED_AUTOS = YES_AGGRESSIVE;
				GCC_WARN_UNUSED_FUNCTION = YES;
				GCC_WARN_UNUSED_VARIABLE = YES;
				IPHONEOS_DEPLOYMENT_TARGET = 13.2;
				MTL_ENABLE_DEBUG_INFO = NO;
				MTL_FAST_MATH = YES;
				SDKROOT = iphoneos;
				SWIFT_COMPILATION_MODE = wholemodule;
				SWIFT_OPTIMIZATION_LEVEL = "-O";
				VALIDATE_PRODUCT = YES;
			};
			name = Release;
		};
		2D6F4A3723FA4272006B125A /* Debug */ = {
			isa = XCBuildConfiguration;
			buildSettings = {
				ASSETCATALOG_COMPILER_APPICON_NAME = AppIcon;
				CODE_SIGN_STYLE = Automatic;
				INFOPLIST_FILE = kadaiProduct/Info.plist;
				LD_RUNPATH_SEARCH_PATHS = (
					"$(inherited)",
					"@executable_path/Frameworks",
				);
				PRODUCT_BUNDLE_IDENTIFIER = com.litech.kadaiProduct;
				PRODUCT_NAME = "$(TARGET_NAME)";
				SWIFT_VERSION = 5.0;
				TARGETED_DEVICE_FAMILY = "1,2";
			};
			name = Debug;
		};
		2D6F4A3823FA4272006B125A /* Release */ = {
			isa = XCBuildConfiguration;
			buildSettings = {
				ASSETCATALOG_COMPILER_APPICON_NAME = AppIcon;
				CODE_SIGN_STYLE = Automatic;
				INFOPLIST_FILE = kadaiProduct/Info.plist;
				LD_RUNPATH_SEARCH_PATHS = (
					"$(inherited)",
					"@executable_path/Frameworks",
				);
				PRODUCT_BUNDLE_IDENTIFIER = com.litech.kadaiProduct;
				PRODUCT_NAME = "$(TARGET_NAME)";
				SWIFT_VERSION = 5.0;
				TARGETED_DEVICE_FAMILY = "1,2";
			};
			name = Release;
		};
		2D6F4A3A23FA4272006B125A /* Debug */ = {
			isa = XCBuildConfiguration;
			buildSettings = {
				ALWAYS_EMBED_SWIFT_STANDARD_LIBRARIES = YES;
				BUNDLE_LOADER = "$(TEST_HOST)";
				CODE_SIGN_STYLE = Automatic;
				INFOPLIST_FILE = kadaiProductTests/Info.plist;
				IPHONEOS_DEPLOYMENT_TARGET = 13.2;
				LD_RUNPATH_SEARCH_PATHS = (
					"$(inherited)",
					"@executable_path/Frameworks",
					"@loader_path/Frameworks",
				);
				PRODUCT_BUNDLE_IDENTIFIER = com.litech.kadaiProductTests;
				PRODUCT_NAME = "$(TARGET_NAME)";
				SWIFT_VERSION = 5.0;
				TARGETED_DEVICE_FAMILY = "1,2";
				TEST_HOST = "$(BUILT_PRODUCTS_DIR)/kadaiProduct.app/kadaiProduct";
			};
			name = Debug;
		};
		2D6F4A3B23FA4272006B125A /* Release */ = {
			isa = XCBuildConfiguration;
			buildSettings = {
				ALWAYS_EMBED_SWIFT_STANDARD_LIBRARIES = YES;
				BUNDLE_LOADER = "$(TEST_HOST)";
				CODE_SIGN_STYLE = Automatic;
				INFOPLIST_FILE = kadaiProductTests/Info.plist;
				IPHONEOS_DEPLOYMENT_TARGET = 13.2;
				LD_RUNPATH_SEARCH_PATHS = (
					"$(inherited)",
					"@executable_path/Frameworks",
					"@loader_path/Frameworks",
				);
				PRODUCT_BUNDLE_IDENTIFIER = com.litech.kadaiProductTests;
				PRODUCT_NAME = "$(TARGET_NAME)";
				SWIFT_VERSION = 5.0;
				TARGETED_DEVICE_FAMILY = "1,2";
				TEST_HOST = "$(BUILT_PRODUCTS_DIR)/kadaiProduct.app/kadaiProduct";
			};
			name = Release;
		};
		2D6F4A3D23FA4272006B125A /* Debug */ = {
			isa = XCBuildConfiguration;
			buildSettings = {
				ALWAYS_EMBED_SWIFT_STANDARD_LIBRARIES = YES;
				CODE_SIGN_STYLE = Automatic;
				INFOPLIST_FILE = kadaiProductUITests/Info.plist;
				LD_RUNPATH_SEARCH_PATHS = (
					"$(inherited)",
					"@executable_path/Frameworks",
					"@loader_path/Frameworks",
				);
				PRODUCT_BUNDLE_IDENTIFIER = com.litech.kadaiProductUITests;
				PRODUCT_NAME = "$(TARGET_NAME)";
				SWIFT_VERSION = 5.0;
				TARGETED_DEVICE_FAMILY = "1,2";
				TEST_TARGET_NAME = kadaiProduct;
			};
			name = Debug;
		};
		2D6F4A3E23FA4272006B125A /* Release */ = {
			isa = XCBuildConfiguration;
			buildSettings = {
				ALWAYS_EMBED_SWIFT_STANDARD_LIBRARIES = YES;
				CODE_SIGN_STYLE = Automatic;
				INFOPLIST_FILE = kadaiProductUITests/Info.plist;
				LD_RUNPATH_SEARCH_PATHS = (
					"$(inherited)",
					"@executable_path/Frameworks",
					"@loader_path/Frameworks",
				);
				PRODUCT_BUNDLE_IDENTIFIER = com.litech.kadaiProductUITests;
				PRODUCT_NAME = "$(TARGET_NAME)";
				SWIFT_VERSION = 5.0;
				TARGETED_DEVICE_FAMILY = "1,2";
				TEST_TARGET_NAME = kadaiProduct;
			};
			name = Release;
		};
/* End XCBuildConfiguration section */

/* Begin XCConfigurationList section */
		2D6F4A0723FA4270006B125A /* Build configuration list for PBXProject "kadaiProduct" */ = {
			isa = XCConfigurationList;
			buildConfigurations = (
				2D6F4A3423FA4272006B125A /* Debug */,
				2D6F4A3523FA4272006B125A /* Release */,
			);
			defaultConfigurationIsVisible = 0;
			defaultConfigurationName = Release;
		};
		2D6F4A3623FA4272006B125A /* Build configuration list for PBXNativeTarget "kadaiProduct" */ = {
			isa = XCConfigurationList;
			buildConfigurations = (
				2D6F4A3723FA4272006B125A /* Debug */,
				2D6F4A3823FA4272006B125A /* Release */,
			);
			defaultConfigurationIsVisible = 0;
			defaultConfigurationName = Release;
		};
		2D6F4A3923FA4272006B125A /* Build configuration list for PBXNativeTarget "kadaiProductTests" */ = {
			isa = XCConfigurationList;
			buildConfigurations = (
				2D6F4A3A23FA4272006B125A /* Debug */,
				2D6F4A3B23FA4272006B125A /* Release */,
			);
			defaultConfigurationIsVisible = 0;
			defaultConfigurationName = Release;
		};
		2D6F4A3C23FA4272006B125A /* Build configuration list for PBXNativeTarget "kadaiProductUITests" */ = {
			isa = XCConfigurationList;
			buildConfigurations = (
				2D6F4A3D23FA4272006B125A /* Debug */,
				2D6F4A3E23FA4272006B125A /* Release */,
			);
			defaultConfigurationIsVisible = 0;
			defaultConfigurationName = Release;
		};
/* End XCConfigurationList section */
	};
	rootObject = 2D6F4A0423FA4270006B125A /* Project object */;
}
